github.com/VividCortex/ewma v1.2.0 h1:f58SaIzcDXrSy3kWaHNvuJgJ3Nmz59Zji6XoJR/q1ow=
github.com/VividCortex/ewma v1.2.0/go.mod h1:nz4BbCtbLyFDeC9SUHbtcT5644juEuWfUAUnGx7j5l4=
github.com/acarl005/stripansi v0.0.0-20180116102854-5a71ef0e047d h1:licZJFw2RwpHMqeKTCYkitsPqHNxTmd4SNR5r94FGM8=
github.com/acarl005/stripansi v0.0.0-20180116102854-5a71ef0e047d/go.mod h1:asat636LX7Bqt5lYEZ27JNDcqxfjdBQuJ/MM4CN/Lzo=
github.com/alitto/pond/v2 v2.3.4 h1:hR0bqAwJiI2chu3cLN4gVyNC7rc5mj/l5wg0710nxsY=
github.com/alitto/pond/v2 v2.3.4/go.mod h1:xkjYEgQ05RSpWdfSd1nM3OVv7TBhLdy7rMp3+2Nq+yE=
github.com/chromedp/verhist v0.3.8 h1:u8n6x9J0X1NUT7RQoz779ZakKrOj3oBrPu7jBw3nbTc=
github.com/chromedp/verhist v0.3.8/go.mod h1:vBOORPWLNPlp6TZJXPKkl6I+LjeEQ+8M1GYecCNBjFA=
github.com/gobwas/glob v0.2.3 h1:A4xDbljILXROh+kObIiy5kIaPYD8e96x1tgBhUI5J+Y=
github.com/gobwas/glob v0.2.3/go.mod h1:d3Ez4x06l9bZtSvzIay5+Yzi0fmZzPgnTbPcKjJAkT8=
github.com/kenshaw/diskcache v0.9.1 h1:OejEgYoZpBQzD4/ROA1/FTE+ySRlH9RyFn1ypMgQNgs=
github.com/kenshaw/diskcache v0.9.1/go.mod h1:AEr+oxLE1M57tcLPSiHTiPj6G1ko94/bp9eHhuGyTrg=
github.com/kenshaw/httplog v0.5.1 h1:SlER5S/n/d8U7U9gyHrAp3J1L1JRwObEXtT5He6lSVI=
github.com/kenshaw/httplog v0.5.1/go.mod h1:3EP6ptsFu6G3PNOjoPq5rNGM9TwOA9Ur7SLWzj3m4Fw=
github.com/kenshaw/rasterm v0.1.14 h1:6ld/Id+Ke33uERomX+QJq0yii63jrBaOcanlaqGwkE8=
github.com/kenshaw/rasterm v0.1.14/go.mod h1:Ze82WLIvljefAOFc/7yfzUIJaT4aOkETnwSPjlfgXWE=
github.com/mattn/go-runewidth v0.0.16 h1:E5ScNMtiwvlvB5paMFdw9p4kSQzbXFikJ5SQO6TULQc=
github.com/mattn/go-runewidth v0.0.16/go.mod h1:Jdepj2loyihRzMpdS35Xk/zdY8IAYHsh153qUoGf23w=
github.com/mattn/go-sixel v0.0.5 h1:55w2FR5ncuhKhXrM5ly1eiqMQfZsnAHIpYNGZX03Cv8=
github.com/mattn/go-sixel v0.0.5/go.mod h1:h2Sss+DiUEHy0pUqcIB6PFXo5Cy8sTQEFr3a9/5ZLNw=
github.com/micromdm/plist v0.2.1 h1:4SoSMOVAyzv1ThT8IKLgXLJEKezLkcVDN6wivqTTFdo=
github.com/micromdm/plist v0.2.1/go.mod h1:flkfm0od6GzyXBqI28h5sgEyi3iPO28W2t1Zm9LpwWs=
github.com/rivo/uniseg v0.2.0/go.mod h1:J6wj4VEh+S6ZtnVlnTBMWIodfgj8LQOQFoIToxlJtxc=
github.com/rivo/uniseg v0.4.7 h1:WUdvkW8uEhrYfLC4ZzdpI2ztxP1I582+49Oc5Mq64VQ=
github.com/rivo/uniseg v0.4.7/go.mod h1:FN3SvrM+Zdj16jyLfmOkMNblXMcoc8DfTHruCPUcx88=
github.com/soniakeys/quant v1.0.0 h1:N1um9ktjbkZVcywBVAAYpZYSHxEfJGzshHCxx/DaI0Y=
github.com/soniakeys/quant v1.0.0/go.mod h1:HI1k023QuVbD4H8i9YdfZP2munIHU4QpjsImz6Y6zds=
github.com/spf13/afero v1.14.0 h1:9tH6MapGnn/j0eb0yIXiLjERO8RB6xIVZRDCX7PtqWA=
github.com/spf13/afero v1.14.0/go.mod h1:acJQ8t0ohCGuMN3O+Pv0V0hgMxNYDlvdk+VTfyZmbYo=
github.com/tdewolff/minify/v2 v2.23.8 h1:tvjHzRer46kwOfpdCBCWsDblCw3QtnLJRd61pTVkyZ8=
github.com/tdewolff/minify/v2 v2.23.8/go.mod h1:VW3ISUd3gDOZuQ/jwZr4sCzsuX+Qvsx87FDMjk6Rvno=
github.com/tdewolff/parse/v2 v2.8.1 h1:J5GSHru6o3jF1uLlEKVXkDxxcVx6yzOlIVIotK4w2po=
github.com/tdewolff/parse/v2 v2.8.1/go.mod h1:Hwlni2tiVNKyzR1o6nUs4FOF07URA+JLBLd6dlIXYqo=
github.com/tdewolff/test v1.0.11 h1:FdLbwQVHxqG16SlkGveC0JVyrJN62COWTRyUFzfbtBE=
github.com/tdewolff/test v1.0.11/go.mod h1:XPuWBzvdUzhCuxWO1ojpXsyzsA5bFoS3tO/Q3kFuTG8=
github.com/vbauerster/mpb/v8 v8.10.1 h1:t/ZFv/NYgoBUy2LrmkD5Vc25r+JhoS4+gRkjVbolO2Y=
github.com/vbauerster/mpb/v8 v8.10.1/go.mod h1:+Ja4P92E3/CorSZgfDtK46D7AVbDqmBQRTmyTqPElo0=
github.com/xo/ox v0.0.0-20250516000116-a7bcbd99c528 h1:8sVxa6m/Uc/UTfKRei2wYXQ0p2MRI4opaOz8b0dKiv8=
github.com/xo/ox v0.0.0-20250516000116-a7bcbd99c528/go.mod h1:ARKysapfnYQG9O9xNsRyG4fG7FLoQMlMwCHty9LK8nM=
github.com/yookoala/realpath v1.0.0 h1:7OA9pj4FZd+oZDsyvXWQvjn5oBdcHRTV44PpdMSuImQ=
github.com/yookoala/realpath v1.0.0/go.mod h1:gJJMA9wuX7AcqLy1+ffPatSCySA1FQ2S8Ya9AIoYBpE=
golang.org/x/sys v0.33.0 h1:q3i8TbbEz+JRD9ywIRlyRAQbM0qF7hu24q3teo2hbuw=
golang.org/x/sys v0.33.0/go.mod h1:BJP2sWEmIv4KK5OTEluFJCKSidICx8ciO85XgH3Ak8k=
golang.org/x/term v0.32.0 h1:DR4lr0TjUs3epypdhTOkMmuF5CDFJ/8pOnbzMZPQ7bg=
golang.org/x/term v0.32.0/go.mod h1:uZG1FhGx848Sqfsq4/DlJr3xGGsYMu/L5GW4abiaEPQ=
golang.org/x/text v0.25.0 h1:qVyWApTSYLk/drJRO5mDlNYskwQznZmkpV2c8q9zls4=
golang.org/x/text v0.25.0/go.mod h1:WEdwpYrmk1qmdHvhkSTNPm3app7v4rsT8F2UD6+VHIA=
