github.com/VividCortex/ewma v1.2.0 h1:f58SaIzcDXrSy3kWaHNvuJgJ3Nmz59Zji6XoJR/q1ow=
github.com/VividCortex/ewma v1.2.0/go.mod h1:nz4BbCtbLyFDeC9SUHbtcT5644juEuWfUAUnGx7j5l4=
github.com/acarl005/stripansi v0.0.0-20180116102854-5a71ef0e047d h1:licZJFw2RwpHMqeKTCYkitsPqHNxTmd4SNR5r94FGM8=
github.com/acarl005/stripansi v0.0.0-20180116102854-5a71ef0e047d/go.mod h1:asat636LX7Bqt5lYEZ27JNDcqxfjdBQuJ/MM4CN/Lzo=
github.com/alitto/pond/v2 v2.6.0 h1:R4haldpYpIVnU7ZgHu4VexC8I/yDE2G4KF9GzRV+aIQ=
github.com/alitto/pond/v2 v2.6.0/go.mod h1:xkjYEgQ05RSpWdfSd1nM3OVv7TBhLdy7rMp3+2Nq+yE=
github.com/chromedp/verhist v0.3.11 h1:XufNeH7u3XZkj0X51iVS3hDLDRaNLdkrUl7TyC8M7wc=
github.com/chromedp/verhist v0.3.11/go.mod h1:aDyWGa3bIEjjGqoxn37DmAXYAFc1gJ7wpuIMcJ3eFeo=
github.com/clipperhouse/stringish v0.1.1 h1:+NSqMOr3GR6k1FdRhhnXrLfztGzuG+VuFDfatpWHKCs=
github.com/clipperhouse/stringish v0.1.1/go.mod h1:v/WhFtE1q0ovMta2+m+UbpZ+2/HEXNWYXQgCt4hdOzA=
github.com/clipperhouse/uax29/v2 v2.3.0 h1:SNdx9DVUqMoBuBoW3iLOj4FQv3dN5mDtuqwuhIGpJy4=
github.com/clipperhouse/uax29/v2 v2.3.0/go.mod h1:Wn1g7MK6OoeDT0vL+Q0SQLDz/KpfsVRgg6W7ihQeh4g=
github.com/gobwas/glob v0.2.3 h1:A4xDbljILXROh+kObIiy5kIaPYD8e96x1tgBhUI5J+Y=
github.com/gobwas/glob v0.2.3/go.mod h1:d3Ez4x06l9bZtSvzIay5+Yzi0fmZzPgnTbPcKjJAkT8=
github.com/kenshaw/diskcache v0.9.3 h1:LH+utxMZ/QYTVYbtGzB5eZRMomvYMhzT0Z7N8/vAgzc=
github.com/kenshaw/diskcache v0.9.3/go.mod h1:XD+trsXS6M2fx2yWzHU3wW19dAOOyMgLmxLp4PeQFHQ=
github.com/kenshaw/httplog v0.5.1 h1:SlER5S/n/d8U7U9gyHrAp3J1L1JRwObEXtT5He6lSVI=
github.com/kenshaw/httplog v0.5.1/go.mod h1:3EP6ptsFu6G3PNOjoPq5rNGM9TwOA9Ur7SLWzj3m4Fw=
github.com/kenshaw/rasterm v0.1.16 h1:IUmAe/C7YTY/em1irbNvd7cMR8HT6BSoN0931BzjmhQ=
github.com/kenshaw/rasterm v0.1.16/go.mod h1:VuAzsiWase7gJtuoKc4xPxdxq+ljBXrh/QNz6yy7uV0=
github.com/mattn/go-runewidth v0.0.19 h1:v++JhqYnZuu5jSKrk9RbgF5v4CGUjqRfBm05byFGLdw=
github.com/mattn/go-runewidth v0.0.19/go.mod h1:XBkDxAl56ILZc9knddidhrOlY5R/pDhgLpndooCuJAs=
github.com/mattn/go-sixel v0.0.8 h1:H0bBGQVOJoSvzvtTgCInxvg1IZiNlTcIIIx8A6uvjpQ=
github.com/mattn/go-sixel v0.0.8/go.mod h1:wbDSbrwpykVI1qEHyjZYsDgaJTwpVg9wSwmmh2slnBw=
github.com/micromdm/plist v0.2.2 h1:a5Yt/coion6hwVEW0da8a5P8IyAchXZ6eC+oBA0uJW8=
github.com/micromdm/plist v0.2.2/go.mod h1:flkfm0od6GzyXBqI28h5sgEyi3iPO28W2t1Zm9LpwWs=
github.com/soniakeys/quant v1.0.0 h1:N1um9ktjbkZVcywBVAAYpZYSHxEfJGzshHCxx/DaI0Y=
github.com/soniakeys/quant v1.0.0/go.mod h1:HI1k023QuVbD4H8i9YdfZP2munIHU4QpjsImz6Y6zds=
github.com/spf13/afero v1.15.0 h1:b/YBCLWAJdFWJTN9cLhiXXcD7mzKn9Dm86dNnfyQw1I=
github.com/spf13/afero v1.15.0/go.mod h1:NC2ByUVxtQs4b3sIUphxK0NioZnmxgyCrfzeuq8lxMg=
github.com/tdewolff/minify/v2 v2.24.8 h1:58/VjsbevI4d5FGV0ZSuBrHMSSkH4MCH0sIz/eKIauE=
github.com/tdewolff/minify/v2 v2.24.8/go.mod h1:0Ukj0CRpo/sW/nd8uZ4ccXaV1rEVIWA3dj8U7+Shhfw=
github.com/tdewolff/parse/v2 v2.8.5 h1:ZmBiA/8Do5Rpk7bDye0jbbDUpXXbCdc3iah4VeUvwYU=
github.com/tdewolff/parse/v2 v2.8.5/go.mod h1:Hwlni2tiVNKyzR1o6nUs4FOF07URA+JLBLd6dlIXYqo=
github.com/tdewolff/test v1.0.11 h1:FdLbwQVHxqG16SlkGveC0JVyrJN62COWTRyUFzfbtBE=
github.com/tdewolff/test v1.0.11/go.mod h1:XPuWBzvdUzhCuxWO1ojpXsyzsA5bFoS3tO/Q3kFuTG8=
github.com/vbauerster/mpb/v8 v8.11.3 h1:iniBmO4ySXCl4gVdmJpgrtormH5uvjpxcx/dMyVU9Jw=
github.com/vbauerster/mpb/v8 v8.11.3/go.mod h1:n9M7WbP0NFjpgKS5XdEC3tMRgZTNM/xtC8zWGkiMuy0=
github.com/xo/ox v0.0.0-20250529002803-30865a99877b h1:diawD4aMM1faOMYBymuvM158QgNRPfES8L76WIGnBvo=
github.com/xo/ox v0.0.0-20250529002803-30865a99877b/go.mod h1:HclWRGAu/EkPG21+wj6B6VL5iC0HFFwJH/3kEIPgpzQ=
github.com/yookoala/realpath v1.0.0 h1:7OA9pj4FZd+oZDsyvXWQvjn5oBdcHRTV44PpdMSuImQ=
github.com/yookoala/realpath v1.0.0/go.mod h1:gJJMA9wuX7AcqLy1+ffPatSCySA1FQ2S8Ya9AIoYBpE=
golang.org/x/sys v0.40.0 h1:DBZZqJ2Rkml6QMQsZywtnjnnGvHza6BTfYFWY9kjEWQ=
golang.org/x/sys v0.40.0/go.mod h1:OgkHotnGiDImocRcuBABYBEXf8A9a87e/uXjp9XT3ks=
golang.org/x/term v0.39.0 h1:RclSuaJf32jOqZz74CkPA9qFuVTX7vhLlpfj/IGWlqY=
golang.org/x/term v0.39.0/go.mod h1:yxzUCTP/U+FzoxfdKmLaA0RV1WgE0VY7hXBwKtY/4ww=
golang.org/x/text v0.33.0 h1:B3njUFyqtHDUI5jMn1YIr5B0IE2U0qck04r6d4KPAxE=
golang.org/x/text v0.33.0/go.mod h1:LuMebE6+rBincTi9+xWTY8TztLzKHc/9C1uBCG27+q8=
